# This file is autogenerated, do not edit; changes may be undone by the next 'dep ensure'.


[[projects]]
  branch = "master"
  digest = "1:6da51e5ec493ad2b44cb04129e2d0a068c8fb9bd6cb5739d199573558696bb94"
  name = "github.com/Azure/go-ansiterm"
  packages = [
    ".",
    "winterm",
  ]
  pruneopts = "UT"
  revision = "d6e3b3328b783f23731bc4d058875b0371ff8109"

[[projects]]
  digest = "1:9f3b30d9f8e0d7040f729b82dcbc8f0dead820a133b3147ce355fc451f32d761"
  name = "github.com/BurntSushi/toml"
  packages = ["."]
  pruneopts = "UT"
  revision = "3012a1dbe2e4bd1391d42b32f0577cb7bbc7f005"
  version = "v0.3.1"

[[projects]]
  digest = "1:5d3e23515e7916c152cc665eda0f7eaf6fdf8fdfe7c3dbac97049bcbd649b33f"
  name = "github.com/Knetic/govaluate"
  packages = ["."]
  pruneopts = "UT"
  revision = "d216395917cc49052c7c7094cf57f09657ca08a8"
  version = "v3.0.0"

[[projects]]
  digest = "1:d5e752c67b445baa5b6cb6f8aa706775c2aa8e41aca95a0c651520ff2c80361a"
  name = "github.com/Microsoft/go-winio"
  packages = [
    ".",
    "pkg/guid",
  ]
  pruneopts = "UT"
  revision = "6c72808b55902eae4c5943626030429ff20f3b63"
  version = "v0.4.14"

[[projects]]
  branch = "master"
  digest = "1:3721a10686511b80c052323423f0de17a8c06d417dbdd3b392b1578432a33aae"
  name = "github.com/Nvveen/Gotty"
  packages = ["."]
  pruneopts = "UT"
  revision = "cd527374f1e5bff4938207604a14f2e38a9cf512"

[[projects]]
  branch = "master"
  digest = "1:e48c63e818c67fbf3d7afe20bba33134ab1a5bf384847385384fd027652a5a96"
  name = "github.com/containerd/continuity"
  packages = ["pathdriver"]
  pruneopts = "UT"
  revision = "75bee3e2ccb6402e3a986ab8bd3b17003fc0fdec"

[[projects]]
  branch = "master"
  digest = "1:945d90386c2b93c7fc92c68de0e7c77a236227772a3ff2b2b64f79644f9a2cba"
  name = "github.com/davidkhala/fabric-common-chaincode-golang"
  packages = [
    ".",
    "cid",
    "ext",
  ]
  pruneopts = "UT"
  revision = "436a4fa0dd6b5235e0ee35e1c1c694a24a87b859"

[[projects]]
  branch = "master"
  digest = "1:17b9539b997e4d234b34835843b4741ba57f6c4ecf51f36b7ccd6c3838b4d158"
  name = "github.com/davidkhala/goutils"
  packages = [
    ".",
    "crypto",
  ]
  pruneopts = "UT"
  revision = "d96c05a7be95f109e47ef6ea0553e41bdfb4174a"

[[projects]]
  digest = "1:49a2a779b1af8f02547b5a505eb1382f9d42299ec7215f34a32535e6af9a1c9e"
  name = "github.com/docker/docker"
  packages = [
    "api/types",
    "api/types/blkiodev",
    "api/types/container",
    "api/types/filters",
    "api/types/mount",
    "api/types/network",
    "api/types/registry",
    "api/types/strslice",
    "api/types/swarm",
    "api/types/swarm/runtime",
    "api/types/versions",
    "opts",
    "pkg/archive",
    "pkg/fileutils",
    "pkg/homedir",
    "pkg/idtools",
    "pkg/ioutils",
    "pkg/jsonmessage",
    "pkg/longpath",
    "pkg/mount",
    "pkg/pools",
    "pkg/stdcopy",
    "pkg/system",
    "pkg/term",
    "pkg/term/windows",
  ]
  pruneopts = "UT"
  revision = "a422774e593b33bd287d9890544ad9e09b380d8c"

[[projects]]
  digest = "1:ade935c55cd6d0367c843b109b09c9d748b1982952031414740750fdf94747eb"
  name = "github.com/docker/go-connections"
  packages = ["nat"]
  pruneopts = "UT"
  revision = "7395e3f8aa162843a74ed6d48e79627d9792ac55"
  version = "v0.4.0"

[[projects]]
  digest = "1:6f82cacd0af5921e99bf3f46748705239b36489464f4529a1589bc895764fb18"
  name = "github.com/docker/go-units"
  packages = ["."]
  pruneopts = "UT"
  revision = "47565b4f722fb6ceae66b95f853feed578a4a51c"
  version = "v0.3.3"

[[projects]]
  digest = "1:ed17414a259d9c62eb01cf8c2b0231e6310948337197ebd01161121a36be3759"
  name = "github.com/fsouza/go-dockerclient"
  packages = ["."]
  pruneopts = "UT"
  revision = "51bd33c0c7792b2566054672a4915b406d988cc6"
  version = "v1.2.1"

[[projects]]
  digest = "1:4882ca4e50712f367a52a467a277dcd8ef877b82acaa5973baea92fe7443f2eb"
  name = "github.com/gogo/protobuf"
  packages = ["proto"]
  pruneopts = "UT"
  revision = "0ca988a254f991240804bf9821f3450d87ccbb1b"
  version = "v1.3.0"

[[projects]]
  digest = "1:fe8273f3c5693e536bbe05d92ab8d05a70fa5806d2d90510bb0d5106c140cc2c"
  name = "github.com/golang/protobuf"
  packages = [
    "proto",
    "ptypes",
    "ptypes/any",
    "ptypes/duration",
    "ptypes/empty",
    "ptypes/timestamp",
  ]
  pruneopts = "UT"
  revision = "6c65a5562fc06764971b7c5d05c76c75e84bdbf7"
  version = "v1.3.2"

[[projects]]
  digest = "1:ce681dc0dc4bcbb07d7362299909248ea761c573f557eaba793ac6947fb4a8aa"
  name = "github.com/grpc-ecosystem/go-grpc-middleware"
  packages = ["."]
  pruneopts = "UT"
  revision = "dd15ed025b6054e5253963e355991f3070d4e593"
  version = "v1.1.0"

[[projects]]
  branch = "release-1.4"
  digest = "1:3732d99d5381a2b818dd5d805d02ab621f587ee0c27f000776382165ced7d4e7"
  name = "github.com/hyperledger/fabric"
  packages = [
    "bccsp",
    "bccsp/factory",
    "bccsp/idemix",
    "bccsp/idemix/bridge",
    "bccsp/idemix/handlers",
    "bccsp/pkcs11",
    "bccsp/signer",
    "bccsp/sw",
    "bccsp/utils",
    "common/attrmgr",
    "common/cauthdsl",
    "common/crypto",
    "common/flogging",
    "common/flogging/fabenc",
    "common/ledger",
    "common/metadata",
    "common/metrics",
    "common/policies",
    "common/semaphore",
    "common/util",
    "core/chaincode/platforms",
    "core/chaincode/platforms/ccmetadata",
    "core/chaincode/shim",
    "core/chaincode/shim/ext/attrmgr",
    "core/chaincode/shim/ext/cid",
    "core/chaincode/shim/ext/entities",
    "core/chaincode/shim/ext/statebased",
    "core/comm",
    "core/config",
    "core/container/util",
    "idemix",
    "msp",
    "protos/common",
    "protos/ledger/queryresult",
    "protos/ledger/rwset",
    "protos/ledger/rwset/kvrwset",
    "protos/msp",
    "protos/peer",
    "protos/token",
    "protos/utils",
  ]
  pruneopts = "UT"
  revision = "fcfd12e5f361f75e9c13761df67c32cfd08c49d4"

[[projects]]
  branch = "master"
  digest = "1:b1c26a7393cb28a859e794f8eb364f5bae72ad9762e301325c50c7fa43544667"
  name = "github.com/hyperledger/fabric-amcl"
  packages = [
    "amcl",
    "amcl/FP256BN",
  ]
  pruneopts = "UT"
  revision = "f66264322317494540fb3601fe63420a30fc0ce4"

[[projects]]
  digest = "1:31e761d97c76151dde79e9d28964a812c46efc5baee4085b86f68f0c654450de"
  name = "github.com/konsorten/go-windows-terminal-sequences"
  packages = ["."]
  pruneopts = "UT"
  revision = "f55edac94c9bbba5d6182a4be46d86a2c9b5b50e"
  version = "v1.0.2"

[[projects]]
  digest = "1:ca955a9cd5b50b0f43d2cc3aeb35c951473eeca41b34eb67507f1dbcc0542394"
  name = "github.com/kr/pretty"
  packages = ["."]
  pruneopts = "UT"
  revision = "73f6ac0b30a98e433b289500d779f50c1a6f0712"
  version = "v0.1.0"

[[projects]]
  digest = "1:15b5cc79aad436d47019f814fde81a10221c740dc8ddf769221a65097fb6c2e9"
  name = "github.com/kr/text"
  packages = ["."]
  pruneopts = "UT"
  revision = "e2ffdb16a802fe2bb95e2e35ff34f0e53aeef34f"
  version = "v0.1.0"

[[projects]]
  digest = "1:5a0ef768465592efca0412f7e838cdc0826712f8447e70e6ccc52eb441e9ab13"
  name = "github.com/magiconair/properties"
  packages = ["."]
  pruneopts = "UT"
  revision = "de8848e004dd33dc07a2947b3d76f618a7fc7ef1"
  version = "v1.8.1"

[[projects]]
  digest = "1:4e6747259a47ce5cd9dc04bbaef87b8e061b32038f428c05db7179e5ec3e47ff"
  name = "github.com/miekg/pkcs11"
  packages = ["."]
  pruneopts = "UT"
  revision = "210dc1e16747c5ba98a03bcbcf728c38086ea357"
  version = "v1.0.3"

[[projects]]
  digest = "1:53bc4cd4914cd7cd52139990d5170d6dc99067ae31c56530621b18b35fc30318"
  name = "github.com/mitchellh/mapstructure"
  packages = ["."]
  pruneopts = "UT"
  revision = "3536a929edddb9a5b34bd6861dc4a9647cb459fe"
  version = "v1.1.2"

[[projects]]
  branch = "master"
  digest = "1:41f3b549dbb8216e490c27926c09dc055aa509b3476e7cbc3317103990b13aeb"
  name = "github.com/op/go-logging"
  packages = ["."]
  pruneopts = "UT"
  revision = "970db520ece77730c7e4724c61121037378659d9"

[[projects]]
  digest = "1:ee4d4af67d93cc7644157882329023ce9a7bcfce956a079069a9405521c7cc8d"
  name = "github.com/opencontainers/go-digest"
  packages = ["."]
  pruneopts = "UT"
  revision = "279bed98673dd5bef374d3b6e4b09e2af76183bf"
  version = "v1.0.0-rc1"

[[projects]]
  digest = "1:11db38d694c130c800d0aefb502fb02519e514dc53d9804ce51d1ad25ec27db6"
  name = "github.com/opencontainers/image-spec"
  packages = [
    "specs-go",
    "specs-go/v1",
  ]
  pruneopts = "UT"
  revision = "d60099175f88c47cd379c4738d158884749ed235"
  version = "v1.0.1"

[[projects]]
  digest = "1:1869683e323ebff2bdf8adcb560f82bf6f8d94019d35099e3403f7df12e9c07e"
  name = "github.com/opencontainers/runc"
  packages = [
    "libcontainer/system",
    "libcontainer/user",
  ]
  pruneopts = "UT"
  revision = "baf6536d6259209c3edfa2b22237af82942d3dfa"
  version = "v0.1.1"

[[projects]]
  digest = "1:cf31692c14422fa27c83a05292eb5cbe0fb2775972e8f1f8446a71549bd8980b"
  name = "github.com/pkg/errors"
  packages = ["."]
  pruneopts = "UT"
  revision = "ba968bfe8b2f7e042a574c888954fccecfa385b4"
  version = "v0.8.1"

[[projects]]
  digest = "1:04457f9f6f3ffc5fea48e71d62f2ca256637dee0a04d710288e27e05c8b41976"
  name = "github.com/sirupsen/logrus"
  packages = ["."]
  pruneopts = "UT"
  revision = "839c75faf7f98a33d445d181f3018b5c3409a45e"
  version = "v1.4.2"

[[projects]]
  digest = "1:08d65904057412fc0270fc4812a1c90c594186819243160dc779a402d4b6d0bc"
  name = "github.com/spf13/cast"
  packages = ["."]
  pruneopts = "UT"
  revision = "8c9545af88b134710ab1cd196795e7f2388358d7"
  version = "v1.3.0"

[[projects]]
  digest = "1:1b753ec16506f5864d26a28b43703c58831255059644351bbcb019b843950900"
  name = "github.com/spf13/jwalterweatherman"
  packages = ["."]
  pruneopts = "UT"
  revision = "94f6ae3ed3bceceafa716478c5fbf8d29ca601a1"
  version = "v1.1.0"

[[projects]]
  digest = "1:524b71991fc7d9246cc7dc2d9e0886ccb97648091c63e30eef619e6862c955dd"
  name = "github.com/spf13/pflag"
  packages = ["."]
  pruneopts = "UT"
  revision = "2e9d26c8c37aae03e3f9d4e90b7116f5accb7cab"
  version = "v1.0.5"

[[projects]]
  digest = "1:8eac90acf58965d6b76248080861faf81423bae64a070ac81d0c49748a693260"
  name = "github.com/spf13/viper"
  packages = ["."]
  pruneopts = "UT"
  revision = "1967d93db724f4a5c0e101307e96d82ff520a067"

[[projects]]
  branch = "master"
  digest = "1:05e8687cd2ac57a82e926f6ebbdf8ec10ed89f65a629ac91b7fb4bcadf1ff849"
  name = "github.com/sykesm/zap-logfmt"
  packages = ["."]
  pruneopts = "UT"
  revision = "ccbdde42f96b57b635a2dfb32b342fe68df8003a"

[[projects]]
  digest = "1:a5158647b553c61877aa9ae74f4015000294e47981e6b8b07525edcbb0747c81"
  name = "go.uber.org/atomic"
  packages = ["."]
  pruneopts = "UT"
  revision = "df976f2515e274675050de7b3f42545de80594fd"
  version = "v1.4.0"

[[projects]]
  digest = "1:60bf2a5e347af463c42ed31a493d817f8a72f102543060ed992754e689805d1a"
  name = "go.uber.org/multierr"
  packages = ["."]
  pruneopts = "UT"
  revision = "3c4937480c32f4c13a875a1829af76c98ca3d40a"
  version = "v1.1.0"

[[projects]]
  digest = "1:ecd62b854fc2a3c6583720380e8518730a4f45ffe878a0f9628f0e2454faacf6"
  name = "go.uber.org/zap"
  packages = [
    ".",
    "buffer",
    "internal/bufferpool",
    "internal/color",
    "internal/exit",
    "zapcore",
    "zapgrpc",
  ]
  pruneopts = "UT"
  revision = "27376062155ad36be76b0f12cf1572a221d3a48c"
  version = "v1.10.0"

[[projects]]
  branch = "master"
  digest = "1:e6575ce7fb96b6eb87dc0e7b7f861c78f1f98ddae45277bdd8004578ff665dfb"
  name = "golang.org/x/crypto"
  packages = ["sha3"]
  pruneopts = "UT"
  revision = "9ee001bba392397c76f100a2d5b13afc86f167f1"

[[projects]]
  branch = "master"
  digest = "1:970a34b46fc4d6dcea441fb2f1419c40fa47fd53fc800bbf0951efda11d99df7"
  name = "golang.org/x/net"
  packages = [
    "context",
    "http/httpguts",
    "http2",
    "http2/hpack",
    "idna",
    "internal/timeseries",
    "trace",
  ]
  pruneopts = "UT"
  revision = "aa69164e4478b84860dc6769c710c699c67058a3"

[[projects]]
  branch = "master"
  digest = "1:8f389e6462af41a708f74e09d4a07b62404d7e00debf9121aef6f4cb7f7ca82a"
  name = "golang.org/x/sys"
  packages = [
    "cpu",
    "unix",
    "windows",
  ]
  pruneopts = "UT"
  revision = "2aa67d56cdd77167a5fb51358e8c3ce04bad68bb"

[[projects]]
  digest = "1:8d8faad6b12a3a4c819a3f9618cb6ee1fa1cfc33253abeeea8b55336721e3405"
  name = "golang.org/x/text"
  packages = [
    "collate",
    "collate/build",
    "internal/colltab",
    "internal/gen",
    "internal/language",
    "internal/language/compact",
    "internal/tag",
    "internal/triegen",
    "internal/ucd",
    "language",
    "secure/bidirule",
    "transform",
    "unicode/bidi",
    "unicode/cldr",
    "unicode/norm",
    "unicode/rangetable",
  ]
  pruneopts = "UT"
  revision = "342b2e1fbaa52c93f31447ad2c6abc048c63e475"
  version = "v0.3.2"

[[projects]]
  branch = "master"
  digest = "1:583a0c80f5e3a9343d33aea4aead1e1afcc0043db66fdf961ddd1fe8cd3a4faf"
  name = "google.golang.org/genproto"
  packages = ["googleapis/rpc/status"]
  pruneopts = "UT"
  revision = "f660b865573183437d2d868f703fe88bb8af0b55"

[[projects]]
  digest = "1:ab8e92d746fb5c4c18846b0879842ac8e53b3d352449423d0924a11f1020ae1b"
  name = "google.golang.org/grpc"
  packages = [
    ".",
    "balancer",
    "balancer/base",
    "balancer/roundrobin",
    "codes",
    "connectivity",
    "credentials",
    "encoding",
    "encoding/proto",
    "grpclog",
    "internal",
    "internal/backoff",
    "internal/channelz",
    "internal/envconfig",
    "internal/grpcrand",
    "internal/transport",
    "keepalive",
    "metadata",
    "naming",
    "peer",
    "resolver",
    "resolver/dns",
    "resolver/passthrough",
    "stats",
    "status",
    "tap",
  ]
  pruneopts = "UT"
  revision = "8dea3dc473e90c8179e519d91302d0597c0ca1d1"
  version = "v1.15.0"

[[projects]]
  digest = "1:4d2e5a73dc1500038e504a8d78b986630e3626dc027bc030ba5c75da257cdb96"
  name = "gopkg.in/yaml.v2"
  packages = ["."]
  pruneopts = "UT"
  revision = "51d6538a90f86fe93ac480b35f37b2be17fef232"
  version = "v2.2.2"

[solve-meta]
  analyzer-name = "dep"
  analyzer-version = 1
  input-imports = [
    "github.com/davidkhala/fabric-common-chaincode-golang",
    "github.com/davidkhala/fabric-common-chaincode-golang/cid",
    "github.com/davidkhala/fabric-common-chaincode-golang/ext",
    "github.com/davidkhala/goutils",
    "github.com/hyperledger/fabric/core/chaincode/shim",
    "github.com/hyperledger/fabric/protos/msp",
    "github.com/hyperledger/fabric/protos/peer",
  ]
  solver-name = "gps-cdcl"
  solver-version = 1
